
Microsoft Visual Studio Solution File, Format Version 12.00
# Visual Studio Version 17
VisualStudioVersion = 17.5.33424.131
MinimumVisualStudioVersion = 10.0.40219.1
Project("{FAE04EC0-301F-11D3-BF4B-00C04F79EFBC}") = "ConcentraTest", "ConcentraTest\ConcentraTest.csproj", "{F9114A7B-3700-449F-8A59-21C06634E25B}"
EndProject
Global
	GlobalSection(SolutionConfigurationPlatforms) = preSolution
		Debug|Any CPU = Debug|Any CPU
		Release|Any CPU = Release|Any CPU
	EndGlobalSection
	GlobalSection(ProjectConfigurationPlatforms) = postSolution
		{F9114A7B-3700-449F-8A59-21C06634E25B}.Debug|Any CPU.ActiveCfg = Debug|Any CPU
		{F9114A7B-3700-449F-8A59-21C06634E25B}.Debug|Any CPU.Build.0 = Debug|Any CPU
		{F9114A7B-3700-449F-8A59-21C06634E25B}.Release|Any CPU.ActiveCfg = Release|Any CPU
		{F9114A7B-3700-449F-8A59-21C06634E25B}.Release|Any CPU.Build.0 = Release|Any CPU
	EndGlobalSection
	GlobalSection(SolutionProperties) = preSolution
		HideSolutionNode = FALSE
	EndGlobalSection
	GlobalSection(ExtensibilityGlobals) = postSolution
		SolutionGuid = {09D97D22-2790-47CE-974A-08CA6DA52D08}
	EndGlobalSection
EndGlobal
